
Microsoft Visual Studio Solution File, Format Version 12.00
# Visual Studio Version 17
VisualStudioVersion = 17.6.33723.286
MinimumVisualStudioVersion = 10.0.40219.1
Project("{8BC9CEB8-8B4A-11D0-8D11-00A0C91BC942}") = "MACHLRN-MCO1", "MACHLRN-MCO1.vcxproj", "{F7CB6E79-5894-4C80-989D-E712859F9FD3}"
EndProject
Global
	GlobalSection(SolutionConfigurationPlatforms) = preSolution
		Debug|x64 = Debug|x64
		Debug|x86 = Debug|x86
		Release|x64 = Release|x64
		Release|x86 = Release|x86
	EndGlobalSection
	GlobalSection(ProjectConfigurationPlatforms) = postSolution
		{F7CB6E79-5894-4C80-989D-E712859F9FD3}.Debug|x64.ActiveCfg = Debug|x64
		{F7CB6E79-5894-4C80-989D-E712859F9FD3}.Debug|x64.Build.0 = Debug|x64
		{F7CB6E79-5894-4C80-989D-E712859F9FD3}.Debug|x86.ActiveCfg = Debug|Win32
		{F7CB6E79-5894-4C80-989D-E712859F9FD3}.Debug|x86.Build.0 = Debug|Win32
		{F7CB6E79-5894-4C80-989D-E712859F9FD3}.Release|x64.ActiveCfg = Release|x64
		{F7CB6E79-5894-4C80-989D-E712859F9FD3}.Release|x64.Build.0 = Release|x64
		{F7CB6E79-5894-4C80-989D-E712859F9FD3}.Release|x86.ActiveCfg = Release|Win32
		{F7CB6E79-5894-4C80-989D-E712859F9FD3}.Release|x86.Build.0 = Release|Win32
	EndGlobalSection
	GlobalSection(SolutionProperties) = preSolution
		HideSolutionNode = FALSE
	EndGlobalSection
	GlobalSection(ExtensibilityGlobals) = postSolution
		SolutionGuid = {1F27F38B-C88E-453B-B4C8-DF4C529EA664}
	EndGlobalSection
EndGlobal
